
Microsoft Visual Studio Solution File, Format Version 12.00
# Visual Studio Version 17
VisualStudioVersion = 17.1.32328.378
MinimumVisualStudioVersion = 10.0.40219.1
Project("{FAE04EC0-301F-11D3-BF4B-00C04F79EFBC}") = "AbstractStaticLanguagePreview", "AbstractStaticLanguagePreview\AbstractStaticLanguagePreview.csproj", "{D6ED90A1-812C-4C2E-90F0-1416159F5F25}"
EndProject
Global
	GlobalSection(SolutionConfigurationPlatforms) = preSolution
		Debug|Any CPU = Debug|Any CPU
		Release|Any CPU = Release|Any CPU
	EndGlobalSection
	GlobalSection(ProjectConfigurationPlatforms) = postSolution
		{D6ED90A1-812C-4C2E-90F0-1416159F5F25}.Debug|Any CPU.ActiveCfg = Debug|Any CPU
		{D6ED90A1-812C-4C2E-90F0-1416159F5F25}.Debug|Any CPU.Build.0 = Debug|Any CPU
		{D6ED90A1-812C-4C2E-90F0-1416159F5F25}.Release|Any CPU.ActiveCfg = Release|Any CPU
		{D6ED90A1-812C-4C2E-90F0-1416159F5F25}.Release|Any CPU.Build.0 = Release|Any CPU
	EndGlobalSection
	GlobalSection(SolutionProperties) = preSolution
		HideSolutionNode = FALSE
	EndGlobalSection
	GlobalSection(ExtensibilityGlobals) = postSolution
		SolutionGuid = {B7486E02-02EF-4F8C-A54B-FED20C028EFE}
	EndGlobalSection
EndGlobal
